
Microsoft Visual Studio Solution File, Format Version 12.00
# Visual Studio Version 17
VisualStudioVersion = 17.2.32519.379
MinimumVisualStudioVersion = 10.0.40219.1
Project("{9A19103F-16F7-4668-BE54-9A1E7A4F7556}") = "SparseBitsets", "SparseBitsets\SparseBitsets.csproj", "{0A531AE7-D2BB-4FFF-BB13-2F6450B04851}"
EndProject
Project("{9A19103F-16F7-4668-BE54-9A1E7A4F7556}") = "SparseBitsetUnitTests", "SparseBitsetUnitTests\SparseBitsetUnitTests.csproj", "{176D6978-BA97-4EED-9589-CA88C0005843}"
EndProject
Global
	GlobalSection(SolutionConfigurationPlatforms) = preSolution
		Debug|Any CPU = Debug|Any CPU
		Release|Any CPU = Release|Any CPU
	EndGlobalSection
	GlobalSection(ProjectConfigurationPlatforms) = postSolution
		{0A531AE7-D2BB-4FFF-BB13-2F6450B04851}.Debug|Any CPU.ActiveCfg = Debug|Any CPU
		{0A531AE7-D2BB-4FFF-BB13-2F6450B04851}.Debug|Any CPU.Build.0 = Debug|Any CPU
		{0A531AE7-D2BB-4FFF-BB13-2F6450B04851}.Release|Any CPU.ActiveCfg = Release|Any CPU
		{0A531AE7-D2BB-4FFF-BB13-2F6450B04851}.Release|Any CPU.Build.0 = Release|Any CPU
		{176D6978-BA97-4EED-9589-CA88C0005843}.Debug|Any CPU.ActiveCfg = Debug|Any CPU
		{176D6978-BA97-4EED-9589-CA88C0005843}.Debug|Any CPU.Build.0 = Debug|Any CPU
		{176D6978-BA97-4EED-9589-CA88C0005843}.Release|Any CPU.ActiveCfg = Release|Any CPU
		{176D6978-BA97-4EED-9589-CA88C0005843}.Release|Any CPU.Build.0 = Release|Any CPU
	EndGlobalSection
	GlobalSection(SolutionProperties) = preSolution
		HideSolutionNode = FALSE
	EndGlobalSection
	GlobalSection(ExtensibilityGlobals) = postSolution
		SolutionGuid = {8961C01A-6E33-4490-BBA3-29578C2F4557}
	EndGlobalSection
EndGlobal
